
Microsoft Visual Studio Solution File, Format Version 12.00
# Visual Studio Version 17
Project("{2150E333-8FDC-42A3-9474-1A3956D46DE8}") = "CMakePredefinedTargets", "CMakePredefinedTargets", "{6B942669-65B1-316B-A4BB-D0134D77064A}"
EndProject
Project("{2150E333-8FDC-42A3-9474-1A3956D46DE8}") = "Libraries", "Libraries", "{37D0AF01-459D-3DD0-9FCA-7C10A2392863}"
EndProject
Project("{8BC9CEB8-8B4A-11D0-8D11-00A0C91BC942}") = "ALL_BUILD", "ALL_BUILD.vcxproj", "{8FECA676-E5EE-33B9-AE47-C8178F8B9506}"
	ProjectSection(ProjectDependencies) = postProject
		{DA9FC2C7-2147-3DD2-A5BB-40B28E4868E4} = {DA9FC2C7-2147-3DD2-A5BB-40B28E4868E4}
		{85F92354-8CD3-3A45-9590-A013B35ABFE7} = {85F92354-8CD3-3A45-9590-A013B35ABFE7}
		{7B64E27B-ECE3-3397-B552-6AD6882CE50B} = {7B64E27B-ECE3-3397-B552-6AD6882CE50B}
	EndProjectSection
EndProject
Project("{8BC9CEB8-8B4A-11D0-8D11-00A0C91BC942}") = "INSTALL", "INSTALL.vcxproj", "{BEC29E26-7015-3FE3-8075-BF78FC1FAABD}"
	ProjectSection(ProjectDependencies) = postProject
		{8FECA676-E5EE-33B9-AE47-C8178F8B9506} = {8FECA676-E5EE-33B9-AE47-C8178F8B9506}
		{DA9FC2C7-2147-3DD2-A5BB-40B28E4868E4} = {DA9FC2C7-2147-3DD2-A5BB-40B28E4868E4}
	EndProjectSection
EndProject
Project("{8BC9CEB8-8B4A-11D0-8D11-00A0C91BC942}") = "PACKAGE", "PACKAGE.vcxproj", "{20379FEB-50BE-3E39-8A0C-D2ED4DE04810}"
	ProjectSection(ProjectDependencies) = postProject
		{8FECA676-E5EE-33B9-AE47-C8178F8B9506} = {8FECA676-E5EE-33B9-AE47-C8178F8B9506}
		{DA9FC2C7-2147-3DD2-A5BB-40B28E4868E4} = {DA9FC2C7-2147-3DD2-A5BB-40B28E4868E4}
	EndProjectSection
EndProject
Project("{8BC9CEB8-8B4A-11D0-8D11-00A0C91BC942}") = "ZERO_CHECK", "ZERO_CHECK.vcxproj", "{DA9FC2C7-2147-3DD2-A5BB-40B28E4868E4}"
	ProjectSection(ProjectDependencies) = postProject
	EndProjectSection
EndProject
Project("{8BC9CEB8-8B4A-11D0-8D11-00A0C91BC942}") = "dist", "dist.vcxproj", "{071CC369-4B3F-3AAE-AD84-86CA1CDEECB2}"
	ProjectSection(ProjectDependencies) = postProject
		{DA9FC2C7-2147-3DD2-A5BB-40B28E4868E4} = {DA9FC2C7-2147-3DD2-A5BB-40B28E4868E4}
	EndProjectSection
EndProject
Project("{8BC9CEB8-8B4A-11D0-8D11-00A0C91BC942}") = "laszip3", "src\laszip3.vcxproj", "{85F92354-8CD3-3A45-9590-A013B35ABFE7}"
	ProjectSection(ProjectDependencies) = postProject
		{DA9FC2C7-2147-3DD2-A5BB-40B28E4868E4} = {DA9FC2C7-2147-3DD2-A5BB-40B28E4868E4}
	EndProjectSection
EndProject
Project("{8BC9CEB8-8B4A-11D0-8D11-00A0C91BC942}") = "laszip_api3", "dll\laszip_api3.vcxproj", "{7B64E27B-ECE3-3397-B552-6AD6882CE50B}"
	ProjectSection(ProjectDependencies) = postProject
		{DA9FC2C7-2147-3DD2-A5BB-40B28E4868E4} = {DA9FC2C7-2147-3DD2-A5BB-40B28E4868E4}
	EndProjectSection
EndProject
Global
	GlobalSection(SolutionConfigurationPlatforms) = preSolution
		Debug|x64 = Debug|x64
		Release|x64 = Release|x64
		MinSizeRel|x64 = MinSizeRel|x64
		RelWithDebInfo|x64 = RelWithDebInfo|x64
	EndGlobalSection
	GlobalSection(ProjectConfigurationPlatforms) = postSolution
		{8FECA676-E5EE-33B9-AE47-C8178F8B9506}.Debug|x64.ActiveCfg = Debug|x64
		{8FECA676-E5EE-33B9-AE47-C8178F8B9506}.Debug|x64.Build.0 = Debug|x64
		{8FECA676-E5EE-33B9-AE47-C8178F8B9506}.Release|x64.ActiveCfg = Release|x64
		{8FECA676-E5EE-33B9-AE47-C8178F8B9506}.Release|x64.Build.0 = Release|x64
		{8FECA676-E5EE-33B9-AE47-C8178F8B9506}.MinSizeRel|x64.ActiveCfg = MinSizeRel|x64
		{8FECA676-E5EE-33B9-AE47-C8178F8B9506}.MinSizeRel|x64.Build.0 = MinSizeRel|x64
		{8FECA676-E5EE-33B9-AE47-C8178F8B9506}.RelWithDebInfo|x64.ActiveCfg = RelWithDebInfo|x64
		{8FECA676-E5EE-33B9-AE47-C8178F8B9506}.RelWithDebInfo|x64.Build.0 = RelWithDebInfo|x64
		{BEC29E26-7015-3FE3-8075-BF78FC1FAABD}.Debug|x64.ActiveCfg = Debug|x64
		{BEC29E26-7015-3FE3-8075-BF78FC1FAABD}.Release|x64.ActiveCfg = Release|x64
		{BEC29E26-7015-3FE3-8075-BF78FC1FAABD}.MinSizeRel|x64.ActiveCfg = MinSizeRel|x64
		{BEC29E26-7015-3FE3-8075-BF78FC1FAABD}.RelWithDebInfo|x64.ActiveCfg = RelWithDebInfo|x64
		{20379FEB-50BE-3E39-8A0C-D2ED4DE04810}.Debug|x64.ActiveCfg = Debug|x64
		{20379FEB-50BE-3E39-8A0C-D2ED4DE04810}.Release|x64.ActiveCfg = Release|x64
		{20379FEB-50BE-3E39-8A0C-D2ED4DE04810}.MinSizeRel|x64.ActiveCfg = MinSizeRel|x64
		{20379FEB-50BE-3E39-8A0C-D2ED4DE04810}.RelWithDebInfo|x64.ActiveCfg = RelWithDebInfo|x64
		{DA9FC2C7-2147-3DD2-A5BB-40B28E4868E4}.Debug|x64.ActiveCfg = Debug|x64
		{DA9FC2C7-2147-3DD2-A5BB-40B28E4868E4}.Debug|x64.Build.0 = Debug|x64
		{DA9FC2C7-2147-3DD2-A5BB-40B28E4868E4}.Release|x64.ActiveCfg = Release|x64
		{DA9FC2C7-2147-3DD2-A5BB-40B28E4868E4}.Release|x64.Build.0 = Release|x64
		{DA9FC2C7-2147-3DD2-A5BB-40B28E4868E4}.MinSizeRel|x64.ActiveCfg = MinSizeRel|x64
		{DA9FC2C7-2147-3DD2-A5BB-40B28E4868E4}.MinSizeRel|x64.Build.0 = MinSizeRel|x64
		{DA9FC2C7-2147-3DD2-A5BB-40B28E4868E4}.RelWithDebInfo|x64.ActiveCfg = RelWithDebInfo|x64
		{DA9FC2C7-2147-3DD2-A5BB-40B28E4868E4}.RelWithDebInfo|x64.Build.0 = RelWithDebInfo|x64
		{071CC369-4B3F-3AAE-AD84-86CA1CDEECB2}.Debug|x64.ActiveCfg = Debug|x64
		{071CC369-4B3F-3AAE-AD84-86CA1CDEECB2}.Release|x64.ActiveCfg = Release|x64
		{071CC369-4B3F-3AAE-AD84-86CA1CDEECB2}.MinSizeRel|x64.ActiveCfg = MinSizeRel|x64
		{071CC369-4B3F-3AAE-AD84-86CA1CDEECB2}.RelWithDebInfo|x64.ActiveCfg = RelWithDebInfo|x64
		{85F92354-8CD3-3A45-9590-A013B35ABFE7}.Debug|x64.ActiveCfg = Debug|x64
		{85F92354-8CD3-3A45-9590-A013B35ABFE7}.Debug|x64.Build.0 = Debug|x64
		{85F92354-8CD3-3A45-9590-A013B35ABFE7}.Release|x64.ActiveCfg = Release|x64
		{85F92354-8CD3-3A45-9590-A013B35ABFE7}.Release|x64.Build.0 = Release|x64
		{85F92354-8CD3-3A45-9590-A013B35ABFE7}.MinSizeRel|x64.ActiveCfg = MinSizeRel|x64
		{85F92354-8CD3-3A45-9590-A013B35ABFE7}.MinSizeRel|x64.Build.0 = MinSizeRel|x64
		{85F92354-8CD3-3A45-9590-A013B35ABFE7}.RelWithDebInfo|x64.ActiveCfg = RelWithDebInfo|x64
		{85F92354-8CD3-3A45-9590-A013B35ABFE7}.RelWithDebInfo|x64.Build.0 = RelWithDebInfo|x64
		{7B64E27B-ECE3-3397-B552-6AD6882CE50B}.Debug|x64.ActiveCfg = Debug|x64
		{7B64E27B-ECE3-3397-B552-6AD6882CE50B}.Debug|x64.Build.0 = Debug|x64
		{7B64E27B-ECE3-3397-B552-6AD6882CE50B}.Release|x64.ActiveCfg = Release|x64
		{7B64E27B-ECE3-3397-B552-6AD6882CE50B}.Release|x64.Build.0 = Release|x64
		{7B64E27B-ECE3-3397-B552-6AD6882CE50B}.MinSizeRel|x64.ActiveCfg = MinSizeRel|x64
		{7B64E27B-ECE3-3397-B552-6AD6882CE50B}.MinSizeRel|x64.Build.0 = MinSizeRel|x64
		{7B64E27B-ECE3-3397-B552-6AD6882CE50B}.RelWithDebInfo|x64.ActiveCfg = RelWithDebInfo|x64
		{7B64E27B-ECE3-3397-B552-6AD6882CE50B}.RelWithDebInfo|x64.Build.0 = RelWithDebInfo|x64
	EndGlobalSection
	GlobalSection(NestedProjects) = preSolution
		{8FECA676-E5EE-33B9-AE47-C8178F8B9506} = {6B942669-65B1-316B-A4BB-D0134D77064A}
		{BEC29E26-7015-3FE3-8075-BF78FC1FAABD} = {6B942669-65B1-316B-A4BB-D0134D77064A}
		{20379FEB-50BE-3E39-8A0C-D2ED4DE04810} = {6B942669-65B1-316B-A4BB-D0134D77064A}
		{DA9FC2C7-2147-3DD2-A5BB-40B28E4868E4} = {6B942669-65B1-316B-A4BB-D0134D77064A}
		{85F92354-8CD3-3A45-9590-A013B35ABFE7} = {37D0AF01-459D-3DD0-9FCA-7C10A2392863}
		{7B64E27B-ECE3-3397-B552-6AD6882CE50B} = {37D0AF01-459D-3DD0-9FCA-7C10A2392863}
	EndGlobalSection
	GlobalSection(ExtensibilityGlobals) = postSolution
		SolutionGuid = {5B2A115F-0D17-372F-ABE5-0235DEE6EA6B}
	EndGlobalSection
	GlobalSection(ExtensibilityAddIns) = postSolution
	EndGlobalSection
EndGlobal
